// !$*UTF8*$!
{
	archiveVersion = 1;
	classes = {
	};
	objectVersion = 51;
	objects = {

/* Begin PBXBuildFile section */
		2F097DDB22FF211500D49185 /* ModelWork.swift in Sources */ = {isa = PBXBuildFile; fileRef = 2F097DDA22FF211500D49185 /* ModelWork.swift */; };
		2F097DDD22FF219E00D49185 /* Work.swift in Sources */ = {isa = PBXBuildFile; fileRef = 2F097DDC22FF219E00D49185 /* Work.swift */; };
		2F097DE222FF947700D49185 /* DetailsTableViewController.swift in Sources */ = {isa = PBXBuildFile; fileRef = 2F097DE122FF947700D49185 /* DetailsTableViewController.swift */; };
		2F097DE423015ED400D49185 /* DetailsTableViewCell.swift in Sources */ = {isa = PBXBuildFile; fileRef = 2F097DE323015ED400D49185 /* DetailsTableViewCell.swift */; };
		2F097DE6230160C300D49185 /* DetailsPresenter.swift in Sources */ = {isa = PBXBuildFile; fileRef = 2F097DE5230160C300D49185 /* DetailsPresenter.swift */; };
		2F10D47A22FB253300E274C0 /* AppDelegate.swift in Sources */ = {isa = PBXBuildFile; fileRef = 2F10D47922FB253300E274C0 /* AppDelegate.swift */; };
		2F10D47C22FB253300E274C0 /* AtristTableViewController.swift in Sources */ = {isa = PBXBuildFile; fileRef = 2F10D47B22FB253300E274C0 /* AtristTableViewController.swift */; };
		2F10D47F22FB253300E274C0 /* Main.storyboard in Resources */ = {isa = PBXBuildFile; fileRef = 2F10D47D22FB253300E274C0 /* Main.storyboard */; };
		2F10D48122FB253500E274C0 /* Assets.xcassets in Resources */ = {isa = PBXBuildFile; fileRef = 2F10D48022FB253500E274C0 /* Assets.xcassets */; };
		2F10D48422FB253500E274C0 /* LaunchScreen.storyboard in Resources */ = {isa = PBXBuildFile; fileRef = 2F10D48222FB253500E274C0 /* LaunchScreen.storyboard */; };
		2F1ABE2C22FDC7E5003A0677 /* ArtistPresenter.swift in Sources */ = {isa = PBXBuildFile; fileRef = 2F1ABE2B22FDC7E5003A0677 /* ArtistPresenter.swift */; };
		2F1ABE2E22FDC81D003A0677 /* ArtistTableViewCell.swift in Sources */ = {isa = PBXBuildFile; fileRef = 2F1ABE2D22FDC81D003A0677 /* ArtistTableViewCell.swift */; };
		2F1ABE3022FDCB87003A0677 /* artists.json in Resources */ = {isa = PBXBuildFile; fileRef = 2F1ABE2F22FDCB87003A0677 /* artists.json */; };
		2F1ABE3222FDD3A2003A0677 /* Artist.swift in Sources */ = {isa = PBXBuildFile; fileRef = 2F1ABE3122FDD3A2003A0677 /* Artist.swift */; };
		2F1ABE3522FDE1AF003A0677 /* JSONLoader.swift in Sources */ = {isa = PBXBuildFile; fileRef = 2F1ABE3422FDE1AF003A0677 /* JSONLoader.swift */; };
		2F80D1DF22FEB9D200F2BCBC /* LocalArtists.swift in Sources */ = {isa = PBXBuildFile; fileRef = 2F80D1DE22FEB9D200F2BCBC /* LocalArtists.swift */; };
		2F80D1E322FEC0CD00F2BCBC /* ModelArtist.swift in Sources */ = {isa = PBXBuildFile; fileRef = 2F80D1E222FEC0CD00F2BCBC /* ModelArtist.swift */; };
		F9BE0CC4A5A46F1995F55FA3 /* Pods_Artistry.framework in Frameworks */ = {isa = PBXBuildFile; fileRef = C08F2CBA40D209EB53A6E0EF /* Pods_Artistry.framework */; };
/* End PBXBuildFile section */

/* Begin PBXFileReference section */
		2F097DDA22FF211500D49185 /* ModelWork.swift */ = {isa = PBXFileReference; lastKnownFileType = sourcecode.swift; path = ModelWork.swift; sourceTree = "<group>"; };
		2F097DDC22FF219E00D49185 /* Work.swift */ = {isa = PBXFileReference; lastKnownFileType = sourcecode.swift; path = Work.swift; sourceTree = "<group>"; };
		2F097DE122FF947700D49185 /* DetailsTableViewController.swift */ = {isa = PBXFileReference; lastKnownFileType = sourcecode.swift; path = DetailsTableViewController.swift; sourceTree = "<group>"; };
		2F097DE323015ED400D49185 /* DetailsTableViewCell.swift */ = {isa = PBXFileReference; lastKnownFileType = sourcecode.swift; path = DetailsTableViewCell.swift; sourceTree = "<group>"; };
		2F097DE5230160C300D49185 /* DetailsPresenter.swift */ = {isa = PBXFileReference; lastKnownFileType = sourcecode.swift; path = DetailsPresenter.swift; sourceTree = "<group>"; };
		2F10D47622FB253300E274C0 /* Artistry.app */ = {isa = PBXFileReference; explicitFileType = wrapper.application; includeInIndex = 0; path = Artistry.app; sourceTree = BUILT_PRODUCTS_DIR; };
		2F10D47922FB253300E274C0 /* AppDelegate.swift */ = {isa = PBXFileReference; lastKnownFileType = sourcecode.swift; path = AppDelegate.swift; sourceTree = "<group>"; };
		2F10D47B22FB253300E274C0 /* AtristTableViewController.swift */ = {isa = PBXFileReference; lastKnownFileType = sourcecode.swift; path = AtristTableViewController.swift; sourceTree = "<group>"; };
		2F10D47E22FB253300E274C0 /* Base */ = {isa = PBXFileReference; lastKnownFileType = file.storyboard; name = Base; path = Base.lproj/Main.storyboard; sourceTree = "<group>"; };
		2F10D48022FB253500E274C0 /* Assets.xcassets */ = {isa = PBXFileReference; lastKnownFileType = folder.assetcatalog; path = Assets.xcassets; sourceTree = "<group>"; };
		2F10D48322FB253500E274C0 /* Base */ = {isa = PBXFileReference; lastKnownFileType = file.storyboard; name = Base; path = Base.lproj/LaunchScreen.storyboard; sourceTree = "<group>"; };
		2F10D48522FB253500E274C0 /* Info.plist */ = {isa = PBXFileReference; lastKnownFileType = text.plist.xml; path = Info.plist; sourceTree = "<group>"; };
		2F1ABE2B22FDC7E5003A0677 /* ArtistPresenter.swift */ = {isa = PBXFileReference; lastKnownFileType = sourcecode.swift; path = ArtistPresenter.swift; sourceTree = "<group>"; };
		2F1ABE2D22FDC81D003A0677 /* ArtistTableViewCell.swift */ = {isa = PBXFileReference; lastKnownFileType = sourcecode.swift; path = ArtistTableViewCell.swift; sourceTree = "<group>"; };
		2F1ABE2F22FDCB87003A0677 /* artists.json */ = {isa = PBXFileReference; fileEncoding = 4; lastKnownFileType = text.json; path = artists.json; sourceTree = "<group>"; };
		2F1ABE3122FDD3A2003A0677 /* Artist.swift */ = {isa = PBXFileReference; lastKnownFileType = sourcecode.swift; path = Artist.swift; sourceTree = "<group>"; };
		2F1ABE3422FDE1AF003A0677 /* JSONLoader.swift */ = {isa = PBXFileReference; lastKnownFileType = sourcecode.swift; path = JSONLoader.swift; sourceTree = "<group>"; };
		2F80D1DE22FEB9D200F2BCBC /* LocalArtists.swift */ = {isa = PBXFileReference; lastKnownFileType = sourcecode.swift; path = LocalArtists.swift; sourceTree = "<group>"; };
		2F80D1E222FEC0CD00F2BCBC /* ModelArtist.swift */ = {isa = PBXFileReference; lastKnownFileType = sourcecode.swift; path = ModelArtist.swift; sourceTree = "<group>"; };
		52D361CB4CBF86AAED91255E /* Pods-Artistry.release.xcconfig */ = {isa = PBXFileReference; includeInIndex = 1; lastKnownFileType = text.xcconfig; name = "Pods-Artistry.release.xcconfig"; path = "Target Support Files/Pods-Artistry/Pods-Artistry.release.xcconfig"; sourceTree = "<group>"; };
		C08F2CBA40D209EB53A6E0EF /* Pods_Artistry.framework */ = {isa = PBXFileReference; explicitFileType = wrapper.framework; includeInIndex = 0; path = Pods_Artistry.framework; sourceTree = BUILT_PRODUCTS_DIR; };
		E0814ACB0C41F9EC8E83976A /* Pods-Artistry.debug.xcconfig */ = {isa = PBXFileReference; includeInIndex = 1; lastKnownFileType = text.xcconfig; name = "Pods-Artistry.debug.xcconfig"; path = "Target Support Files/Pods-Artistry/Pods-Artistry.debug.xcconfig"; sourceTree = "<group>"; };
/* End PBXFileReference section */

/* Begin PBXFrameworksBuildPhase section */
		2F10D47322FB253300E274C0 /* Frameworks */ = {
			isa = PBXFrameworksBuildPhase;
			buildActionMask = 2147483647;
			files = (
				F9BE0CC4A5A46F1995F55FA3 /* Pods_Artistry.framework in Frameworks */,
			);
			runOnlyForDeploymentPostprocessing = 0;
		};
/* End PBXFrameworksBuildPhase section */

/* Begin PBXGroup section */
		2F097DE022FF8C3400D49185 /* Details */ = {
			isa = PBXGroup;
			children = (
				2F097DE122FF947700D49185 /* DetailsTableViewController.swift */,
				2F097DE323015ED400D49185 /* DetailsTableViewCell.swift */,
				2F097DE5230160C300D49185 /* DetailsPresenter.swift */,
			);
			path = Details;
			sourceTree = "<group>";
		};
		2F10D46D22FB253300E274C0 = {
			isa = PBXGroup;
			children = (
				2F10D47822FB253300E274C0 /* Artistry */,
				2F10D47722FB253300E274C0 /* Products */,
				7E5F2A397CA81EFA287BCAD0 /* Pods */,
				C9AED1EC896844D9C4F057F6 /* Frameworks */,
			);
			sourceTree = "<group>";
		};
		2F10D47722FB253300E274C0 /* Products */ = {
			isa = PBXGroup;
			children = (
				2F10D47622FB253300E274C0 /* Artistry.app */,
			);
			name = Products;
			sourceTree = "<group>";
		};
		2F10D47822FB253300E274C0 /* Artistry */ = {
			isa = PBXGroup;
			children = (
				2F80D1E022FEC09200F2BCBC /* Core */,
				2F10D47922FB253300E274C0 /* AppDelegate.swift */,
				2F1ABE2922FDC4DC003A0677 /* Scenes */,
				2F10D47D22FB253300E274C0 /* Main.storyboard */,
				2F10D48022FB253500E274C0 /* Assets.xcassets */,
				2F80D1DB22FEB8AA00F2BCBC /* Utilites */,
				2F1ABE3322FDD962003A0677 /* Model */,
				2F10D48222FB253500E274C0 /* LaunchScreen.storyboard */,
				2F80D1DD22FEB8C400F2BCBC /* Resources */,
				2F10D48522FB253500E274C0 /* Info.plist */,
			);
			path = Artistry;
			sourceTree = "<group>";
		};
		2F1ABE2922FDC4DC003A0677 /* Scenes */ = {
			isa = PBXGroup;
			children = (
				2F097DE022FF8C3400D49185 /* Details */,
				2F1ABE2A22FDC520003A0677 /* Atrist */,
			);
			path = Scenes;
			sourceTree = "<group>";
		};
		2F1ABE2A22FDC520003A0677 /* Atrist */ = {
			isa = PBXGroup;
			children = (
				2F10D47B22FB253300E274C0 /* AtristTableViewController.swift */,
				2F1ABE2B22FDC7E5003A0677 /* ArtistPresenter.swift */,
				2F1ABE2D22FDC81D003A0677 /* ArtistTableViewCell.swift */,
			);
			path = Atrist;
			sourceTree = "<group>";
		};
		2F1ABE3322FDD962003A0677 /* Model */ = {
			isa = PBXGroup;
			children = (
				2F1ABE3122FDD3A2003A0677 /* Artist.swift */,
				2F097DDC22FF219E00D49185 /* Work.swift */,
				2F80D1DE22FEB9D200F2BCBC /* LocalArtists.swift */,
			);
			path = Model;
			sourceTree = "<group>";
		};
		2F80D1DB22FEB8AA00F2BCBC /* Utilites */ = {
			isa = PBXGroup;
			children = (
				2F80D1DC22FEB8B400F2BCBC /* Helper */,
			);
			path = Utilites;
			sourceTree = "<group>";
		};
		2F80D1DC22FEB8B400F2BCBC /* Helper */ = {
			isa = PBXGroup;
			children = (
				2F1ABE3422FDE1AF003A0677 /* JSONLoader.swift */,
			);
			path = Helper;
			sourceTree = "<group>";
		};
		2F80D1DD22FEB8C400F2BCBC /* Resources */ = {
			isa = PBXGroup;
			children = (
				2F1ABE2F22FDCB87003A0677 /* artists.json */,
			);
			path = Resources;
			sourceTree = "<group>";
		};
		2F80D1E022FEC09200F2BCBC /* Core */ = {
			isa = PBXGroup;
			children = (
				2F80D1E122FEC0B800F2BCBC /* Entity */,
			);
			path = Core;
			sourceTree = "<group>";
		};
		2F80D1E122FEC0B800F2BCBC /* Entity */ = {
			isa = PBXGroup;
			children = (
				2F80D1E222FEC0CD00F2BCBC /* ModelArtist.swift */,
				2F097DDA22FF211500D49185 /* ModelWork.swift */,
			);
			path = Entity;
			sourceTree = "<group>";
		};
		7E5F2A397CA81EFA287BCAD0 /* Pods */ = {
			isa = PBXGroup;
			children = (
				E0814ACB0C41F9EC8E83976A /* Pods-Artistry.debug.xcconfig */,
				52D361CB4CBF86AAED91255E /* Pods-Artistry.release.xcconfig */,
			);
			path = Pods;
			sourceTree = "<group>";
		};
		C9AED1EC896844D9C4F057F6 /* Frameworks */ = {
			isa = PBXGroup;
			children = (
				C08F2CBA40D209EB53A6E0EF /* Pods_Artistry.framework */,
			);
			name = Frameworks;
			sourceTree = "<group>";
		};
/* End PBXGroup section */

/* Begin PBXNativeTarget section */
		2F10D47522FB253300E274C0 /* Artistry */ = {
			isa = PBXNativeTarget;
			buildConfigurationList = 2F10D48822FB253500E274C0 /* Build configuration list for PBXNativeTarget "Artistry" */;
			buildPhases = (
				5A3BCDA1139D654E3475A381 /* [CP] Check Pods Manifest.lock */,
				2F10D47222FB253300E274C0 /* Sources */,
				2F10D47322FB253300E274C0 /* Frameworks */,
				2F10D47422FB253300E274C0 /* Resources */,
				2E886D91355C8DF84EF651C8 /* [CP] Embed Pods Frameworks */,
			);
			buildRules = (
			);
			dependencies = (
			);
			name = Artistry;
			productName = Artistry;
			productReference = 2F10D47622FB253300E274C0 /* Artistry.app */;
			productType = "com.apple.product-type.application";
		};
/* End PBXNativeTarget section */

/* Begin PBXProject section */
		2F10D46E22FB253300E274C0 /* Project object */ = {
			isa = PBXProject;
			attributes = {
				LastSwiftUpdateCheck = 1020;
				LastUpgradeCheck = 1020;
				ORGANIZATIONNAME = "Ahmed Yasser";
				TargetAttributes = {
					2F10D47522FB253300E274C0 = {
						CreatedOnToolsVersion = 10.2;
					};
				};
			};
			buildConfigurationList = 2F10D47122FB253300E274C0 /* Build configuration list for PBXProject "Artistry" */;
			compatibilityVersion = "Xcode 9.3";
			developmentRegion = en;
			hasScannedForEncodings = 0;
			knownRegions = (
				en,
				Base,
			);
			mainGroup = 2F10D46D22FB253300E274C0;
			productRefGroup = 2F10D47722FB253300E274C0 /* Products */;
			projectDirPath = "";
			projectRoot = "";
			targets = (
				2F10D47522FB253300E274C0 /* Artistry */,
			);
		};
/* End PBXProject section */

/* Begin PBXResourcesBuildPhase section */
		2F10D47422FB253300E274C0 /* Resources */ = {
			isa = PBXResourcesBuildPhase;
			buildActionMask = 2147483647;
			files = (
				2F10D48422FB253500E274C0 /* LaunchScreen.storyboard in Resources */,
				2F10D48122FB253500E274C0 /* Assets.xcassets in Resources */,
				2F1ABE3022FDCB87003A0677 /* artists.json in Resources */,
				2F10D47F22FB253300E274C0 /* Main.storyboard in Resources */,
			);
			runOnlyForDeploymentPostprocessing = 0;
		};
/* End PBXResourcesBuildPhase section */

/* Begin PBXShellScriptBuildPhase section */
		2E886D91355C8DF84EF651C8 /* [CP] Embed Pods Frameworks */ = {
			isa = PBXShellScriptBuildPhase;
			buildActionMask = 2147483647;
			files = (
			);
			inputFileListPaths = (
				"${PODS_ROOT}/Target Support Files/Pods-Artistry/Pods-Artistry-frameworks-${CONFIGURATION}-input-files.xcfilelist",
			);
			name = "[CP] Embed Pods Frameworks";
			outputFileListPaths = (
				"${PODS_ROOT}/Target Support Files/Pods-Artistry/Pods-Artistry-frameworks-${CONFIGURATION}-output-files.xcfilelist",
			);
			runOnlyForDeploymentPostprocessing = 0;
			shellPath = /bin/sh;
			shellScript = "\"${PODS_ROOT}/Target Support Files/Pods-Artistry/Pods-Artistry-frameworks.sh\"\n";
			showEnvVarsInLog = 0;
		};
		5A3BCDA1139D654E3475A381 /* [CP] Check Pods Manifest.lock */ = {
			isa = PBXShellScriptBuildPhase;
			buildActionMask = 2147483647;
			files = (
			);
			inputFileListPaths = (
			);
			inputPaths = (
				"${PODS_PODFILE_DIR_PATH}/Podfile.lock",
				"${PODS_ROOT}/Manifest.lock",
			);
			name = "[CP] Check Pods Manifest.lock";
			outputFileListPaths = (
			);
			outputPaths = (
				"$(DERIVED_FILE_DIR)/Pods-Artistry-checkManifestLockResult.txt",
			);
			runOnlyForDeploymentPostprocessing = 0;
			shellPath = /bin/sh;
			shellScript = "diff \"${PODS_PODFILE_DIR_PATH}/Podfile.lock\" \"${PODS_ROOT}/Manifest.lock\" > /dev/null\nif [ $? != 0 ] ; then\n    # print error to STDERR\n    echo \"error: The sandbox is not in sync with the Podfile.lock. Run 'pod install' or update your CocoaPods installation.\" >&2\n    exit 1\nfi\n# This output is used by Xcode 'outputs' to avoid re-running this script phase.\necho \"SUCCESS\" > \"${SCRIPT_OUTPUT_FILE_0}\"\n";
			showEnvVarsInLog = 0;
		};
/* End PBXShellScriptBuildPhase section */

/* Begin PBXSourcesBuildPhase section */
		2F10D47222FB253300E274C0 /* Sources */ = {
			isa = PBXSourcesBuildPhase;
			buildActionMask = 2147483647;
			files = (
				2F1ABE3222FDD3A2003A0677 /* Artist.swift in Sources */,
				2F80D1DF22FEB9D200F2BCBC /* LocalArtists.swift in Sources */,
				2F097DDD22FF219E00D49185 /* Work.swift in Sources */,
				2F097DDB22FF211500D49185 /* ModelWork.swift in Sources */,
				2F097DE222FF947700D49185 /* DetailsTableViewController.swift in Sources */,
				2F10D47C22FB253300E274C0 /* AtristTableViewController.swift in Sources */,
				2F097DE423015ED400D49185 /* DetailsTableViewCell.swift in Sources */,
				2F10D47A22FB253300E274C0 /* AppDelegate.swift in Sources */,
				2F1ABE2E22FDC81D003A0677 /* ArtistTableViewCell.swift in Sources */,
				2F097DE6230160C300D49185 /* DetailsPresenter.swift in Sources */,
				2F1ABE3522FDE1AF003A0677 /* JSONLoader.swift in Sources */,
				2F80D1E322FEC0CD00F2BCBC /* ModelArtist.swift in Sources */,
				2F1ABE2C22FDC7E5003A0677 /* ArtistPresenter.swift in Sources */,
			);
			runOnlyForDeploymentPostprocessing = 0;
		};
/* End PBXSourcesBuildPhase section */

/* Begin PBXVariantGroup section */
		2F10D47D22FB253300E274C0 /* Main.storyboard */ = {
			isa = PBXVariantGroup;
			children = (
				2F10D47E22FB253300E274C0 /* Base */,
			);
			name = Main.storyboard;
			sourceTree = "<group>";
		};
		2F10D48222FB253500E274C0 /* LaunchScreen.storyboard */ = {
			isa = PBXVariantGroup;
			children = (
				2F10D48322FB253500E274C0 /* Base */,
			);
			name = LaunchScreen.storyboard;
			sourceTree = "<group>";
		};
/* End PBXVariantGroup section */

/* Begin XCBuildConfiguration section */
		2F10D48622FB253500E274C0 /* Debug */ = {
			isa = XCBuildConfiguration;
			buildSettings = {
				ALWAYS_SEARCH_USER_PATHS = NO;
				CLANG_ANALYZER_NONNULL = YES;
				CLANG_ANALYZER_NUMBER_OBJECT_CONVERSION = YES_AGGRESSIVE;
				CLANG_CXX_LANGUAGE_STANDARD = "gnu++14";
				CLANG_CXX_LIBRARY = "libc++";
				CLANG_ENABLE_MODULES = YES;
				CLANG_ENABLE_OBJC_ARC = YES;
				CLANG_ENABLE_OBJC_WEAK = YES;
				CLANG_WARN_BLOCK_CAPTURE_AUTORELEASING = YES;
				CLANG_WARN_BOOL_CONVERSION = YES;
				CLANG_WARN_COMMA = YES;
				CLANG_WARN_CONSTANT_CONVERSION = YES;
				CLANG_WARN_DEPRECATED_OBJC_IMPLEMENTATIONS = YES;
				CLANG_WARN_DIRECT_OBJC_ISA_USAGE = YES_ERROR;
				CLANG_WARN_DOCUMENTATION_COMMENTS = YES;
				CLANG_WARN_EMPTY_BODY = YES;
				CLANG_WARN_ENUM_CONVERSION = YES;
				CLANG_WARN_INFINITE_RECURSION = YES;
				CLANG_WARN_INT_CONVERSION = YES;
				CLANG_WARN_NON_LITERAL_NULL_CONVERSION = YES;
				CLANG_WARN_OBJC_IMPLICIT_RETAIN_SELF = YES;
				CLANG_WARN_OBJC_LITERAL_CONVERSION = YES;
				CLANG_WARN_OBJC_ROOT_CLASS = YES_ERROR;
				CLANG_WARN_RANGE_LOOP_ANALYSIS = YES;
				CLANG_WARN_STRICT_PROTOTYPES = YES;
				CLANG_WARN_SUSPICIOUS_MOVE = YES;
				CLANG_WARN_UNGUARDED_AVAILABILITY = YES_AGGRESSIVE;
				CLANG_WARN_UNREACHABLE_CODE = YES;
				CLANG_WARN__DUPLICATE_METHOD_MATCH = YES;
				CODE_SIGN_IDENTITY = "iPhone Developer";
				COPY_PHASE_STRIP = NO;
				DEBUG_INFORMATION_FORMAT = dwarf;
				ENABLE_STRICT_OBJC_MSGSEND = YES;
				ENABLE_TESTABILITY = YES;
				GCC_C_LANGUAGE_STANDARD = gnu11;
				GCC_DYNAMIC_NO_PIC = NO;
				GCC_NO_COMMON_BLOCKS = YES;
				GCC_OPTIMIZATION_LEVEL = 0;
				GCC_PREPROCESSOR_DEFINITIONS = (
					"DEBUG=1",
					"$(inherited)",
				);
				GCC_WARN_64_TO_32_BIT_CONVERSION = YES;
				GCC_WARN_ABOUT_RETURN_TYPE = YES_ERROR;
				GCC_WARN_UNDECLARED_SELECTOR = YES;
				GCC_WARN_UNINITIALIZED_AUTOS = YES_AGGRESSIVE;
				GCC_WARN_UNUSED_FUNCTION = YES;
				GCC_WARN_UNUSED_VARIABLE = YES;
				IPHONEOS_DEPLOYMENT_TARGET = 12.2;
				MTL_ENABLE_DEBUG_INFO = INCLUDE_SOURCE;
				MTL_FAST_MATH = YES;
				ONLY_ACTIVE_ARCH = YES;
				SDKROOT = iphoneos;
				SWIFT_ACTIVE_COMPILATION_CONDITIONS = DEBUG;
				SWIFT_OPTIMIZATION_LEVEL = "-Onone";
			};
			name = Debug;
		};
		2F10D48722FB253500E274C0 /* Release */ = {
			isa = XCBuildConfiguration;
			buildSettings = {
				ALWAYS_SEARCH_USER_PATHS = NO;
				CLANG_ANALYZER_NONNULL = YES;
				CLANG_ANALYZER_NUMBER_OBJECT_CONVERSION = YES_AGGRESSIVE;
				CLANG_CXX_LANGUAGE_STANDARD = "gnu++14";
				CLANG_CXX_LIBRARY = "libc++";
				CLANG_ENABLE_MODULES = YES;
				CLANG_ENABLE_OBJC_ARC = YES;
				CLANG_ENABLE_OBJC_WEAK = YES;
				CLANG_WARN_BLOCK_CAPTURE_AUTORELEASING = YES;
				CLANG_WARN_BOOL_CONVERSION = YES;
				CLANG_WARN_COMMA = YES;
				CLANG_WARN_CONSTANT_CONVERSION = YES;
				CLANG_WARN_DEPRECATED_OBJC_IMPLEMENTATIONS = YES;
				CLANG_WARN_DIRECT_OBJC_ISA_USAGE = YES_ERROR;
				CLANG_WARN_DOCUMENTATION_COMMENTS = YES;
				CLANG_WARN_EMPTY_BODY = YES;
				CLANG_WARN_ENUM_CONVERSION = YES;
				CLANG_WARN_INFINITE_RECURSION = YES;
				CLANG_WARN_INT_CONVERSION = YES;
				CLANG_WARN_NON_LITERAL_NULL_CONVERSION = YES;
				CLANG_WARN_OBJC_IMPLICIT_RETAIN_SELF = YES;
				CLANG_WARN_OBJC_LITERAL_CONVERSION = YES;
				CLANG_WARN_OBJC_ROOT_CLASS = YES_ERROR;
				CLANG_WARN_RANGE_LOOP_ANALYSIS = YES;
				CLANG_WARN_STRICT_PROTOTYPES = YES;
				CLANG_WARN_SUSPICIOUS_MOVE = YES;
				CLANG_WARN_UNGUARDED_AVAILABILITY = YES_AGGRESSIVE;
				CLANG_WARN_UNREACHABLE_CODE = YES;
				CLANG_WARN__DUPLICATE_METHOD_MATCH = YES;
				CODE_SIGN_IDENTITY = "iPhone Developer";
				COPY_PHASE_STRIP = NO;
				DEBUG_INFORMATION_FORMAT = "dwarf-with-dsym";
				ENABLE_NS_ASSERTIONS = NO;
				ENABLE_STRICT_OBJC_MSGSEND = YES;
				GCC_C_LANGUAGE_STANDARD = gnu11;
				GCC_NO_COMMON_BLOCKS = YES;
				GCC_WARN_64_TO_32_BIT_CONVERSION = YES;
				GCC_WARN_ABOUT_RETURN_TYPE = YES_ERROR;
				GCC_WARN_UNDECLARED_SELECTOR = YES;
				GCC_WARN_UNINITIALIZED_AUTOS = YES_AGGRESSIVE;
				GCC_WARN_UNUSED_FUNCTION = YES;
				GCC_WARN_UNUSED_VARIABLE = YES;
				IPHONEOS_DEPLOYMENT_TARGET = 12.2;
				MTL_ENABLE_DEBUG_INFO = NO;
				MTL_FAST_MATH = YES;
				SDKROOT = iphoneos;
				SWIFT_COMPILATION_MODE = wholemodule;
				SWIFT_OPTIMIZATION_LEVEL = "-O";
				VALIDATE_PRODUCT = YES;
			};
			name = Release;
		};
		2F10D48922FB253500E274C0 /* Debug */ = {
			isa = XCBuildConfiguration;
			baseConfigurationReference = E0814ACB0C41F9EC8E83976A /* Pods-Artistry.debug.xcconfig */;
			buildSettings = {
				ASSETCATALOG_COMPILER_APPICON_NAME = AppIcon;
				CODE_SIGN_STYLE = Automatic;
				INFOPLIST_FILE = Artistry/Info.plist;
				LD_RUNPATH_SEARCH_PATHS = (
					"$(inherited)",
					"@executable_path/Frameworks",
				);
				PRODUCT_BUNDLE_IDENTIFIER = Biko.Artistry;
				PRODUCT_NAME = "$(TARGET_NAME)";
				SWIFT_VERSION = 5.0;
				TARGETED_DEVICE_FAMILY = "1,2";
			};
			name = Debug;
		};
		2F10D48A22FB253500E274C0 /* Release */ = {
			isa = XCBuildConfiguration;
			baseConfigurationReference = 52D361CB4CBF86AAED91255E /* Pods-Artistry.release.xcconfig */;
			buildSettings = {
				ASSETCATALOG_COMPILER_APPICON_NAME = AppIcon;
				CODE_SIGN_STYLE = Automatic;
				INFOPLIST_FILE = Artistry/Info.plist;
				LD_RUNPATH_SEARCH_PATHS = (
					"$(inherited)",
					"@executable_path/Frameworks",
				);
				PRODUCT_BUNDLE_IDENTIFIER = Biko.Artistry;
				PRODUCT_NAME = "$(TARGET_NAME)";
				SWIFT_VERSION = 5.0;
				TARGETED_DEVICE_FAMILY = "1,2";
			};
			name = Release;
		};
/* End XCBuildConfiguration section */

/* Begin XCConfigurationList section */
		2F10D47122FB253300E274C0 /* Build configuration list for PBXProject "Artistry" */ = {
			isa = XCConfigurationList;
			buildConfigurations = (
				2F10D48622FB253500E274C0 /* Debug */,
				2F10D48722FB253500E274C0 /* Release */,
			);
			defaultConfigurationIsVisible = 0;
			defaultConfigurationName = Release;
		};
		2F10D48822FB253500E274C0 /* Build configuration list for PBXNativeTarget "Artistry" */ = {
			isa = XCConfigurationList;
			buildConfigurations = (
				2F10D48922FB253500E274C0 /* Debug */,
				2F10D48A22FB253500E274C0 /* Release */,
			);
			defaultConfigurationIsVisible = 0;
			defaultConfigurationName = Release;
		};
/* End XCConfigurationList section */
	};
	rootObject = 2F10D46E22FB253300E274C0 /* Project object */;
}
